
Microsoft Visual Studio Solution File, Format Version 12.00
# Visual Studio 2013
VisualStudioVersion = 12.0.30723.0
MinimumVisualStudioVersion = 10.0.40219.1
Project("{FAE04EC0-301F-11D3-BF4B-00C04F79EFBC}") = "iRacingCrewChief", "iRacingCrewChief\iRacingCrewChief.csproj", "{09BFA3AF-4A99-4FF7-8774-5058B8B06F94}"
EndProject
Project("{FAE04EC0-301F-11D3-BF4B-00C04F79EFBC}") = "iRacing.Common", "iRacing.Common\iRacing.Common.csproj", "{48481D09-BB5C-4B78-BFE4-5FDC3DD7DD04}"
EndProject
Project("{FAE04EC0-301F-11D3-BF4B-00C04F79EFBC}") = "iRacing.CrewChief", "iRacing.CrewChief\iRacing.CrewChief.csproj", "{E79E9C9B-4825-4FC7-A0F0-194187ABF5FF}"
EndProject
Project("{FAE04EC0-301F-11D3-BF4B-00C04F79EFBC}") = "iRacing.CrewChief.Server", "iRacing.CrewChief.Server\iRacing.CrewChief.Server.csproj", "{E6002637-90AA-4201-9FF2-CD0C203AB135}"
EndProject
Project("{FAE04EC0-301F-11D3-BF4B-00C04F79EFBC}") = "iRacing.CrewChief.SDKComm", "iRacing.CrewChief.SDKComm\iRacing.CrewChief.SDKComm.csproj", "{85E464AC-DDC4-4B5C-9E47-5283E7F7CB48}"
EndProject
Project("{FAE04EC0-301F-11D3-BF4B-00C04F79EFBC}") = "iRacing", "iRacing\iRacing.csproj", "{EF5FFB7A-6069-4D79-B102-24BF12E0ABE0}"
EndProject
Project("{FAE04EC0-301F-11D3-BF4B-00C04F79EFBC}") = "iRacing.Models", "iRacing.Models\iRacing.Models.csproj", "{5261A272-28A2-4867-A88F-AE221F222AF8}"
EndProject
Project("{2150E333-8FDC-42A3-9474-1A3956D46DE8}") = "SDK", "SDK", "{32413357-43ED-49AF-A04A-204CBA341021}"
EndProject
Project("{2150E333-8FDC-42A3-9474-1A3956D46DE8}") = "Server", "Server", "{7A6A83BE-7A04-4E5E-93AF-DE554DA38EA7}"
EndProject
Project("{FAE04EC0-301F-11D3-BF4B-00C04F79EFBC}") = "iRacing.CrewChief.Client", "iRacing.CrewChief.Client\iRacing.CrewChief.Client.csproj", "{0B1515BA-8A11-4DC8-B793-DE03AB59FA69}"
EndProject
Project("{2150E333-8FDC-42A3-9474-1A3956D46DE8}") = "Client", "Client", "{5AB58BDB-DFA1-4543-807E-D5E7657BDA01}"
EndProject
Project("{2150E333-8FDC-42A3-9474-1A3956D46DE8}") = "WinForms", "WinForms", "{68FCBB66-399F-4378-824E-FFA7141B7DDD}"
EndProject
Project("{FAE04EC0-301F-11D3-BF4B-00C04F79EFBC}") = "iRacingCrewChief.Controls", "iRacingCrewChief.Controls\iRacingCrewChief.Controls.csproj", "{47B9F09C-B83A-43B4-BFB7-86CB71160F09}"
EndProject
Global
	GlobalSection(SolutionConfigurationPlatforms) = preSolution
		Debug|Any CPU = Debug|Any CPU
		Release|Any CPU = Release|Any CPU
	EndGlobalSection
	GlobalSection(ProjectConfigurationPlatforms) = postSolution
		{09BFA3AF-4A99-4FF7-8774-5058B8B06F94}.Debug|Any CPU.ActiveCfg = Debug|Any CPU
		{09BFA3AF-4A99-4FF7-8774-5058B8B06F94}.Debug|Any CPU.Build.0 = Debug|Any CPU
		{09BFA3AF-4A99-4FF7-8774-5058B8B06F94}.Release|Any CPU.ActiveCfg = Release|Any CPU
		{09BFA3AF-4A99-4FF7-8774-5058B8B06F94}.Release|Any CPU.Build.0 = Release|Any CPU
		{48481D09-BB5C-4B78-BFE4-5FDC3DD7DD04}.Debug|Any CPU.ActiveCfg = Debug|Any CPU
		{48481D09-BB5C-4B78-BFE4-5FDC3DD7DD04}.Debug|Any CPU.Build.0 = Debug|Any CPU
		{48481D09-BB5C-4B78-BFE4-5FDC3DD7DD04}.Release|Any CPU.ActiveCfg = Release|Any CPU
		{48481D09-BB5C-4B78-BFE4-5FDC3DD7DD04}.Release|Any CPU.Build.0 = Release|Any CPU
		{E79E9C9B-4825-4FC7-A0F0-194187ABF5FF}.Debug|Any CPU.ActiveCfg = Debug|Any CPU
		{E79E9C9B-4825-4FC7-A0F0-194187ABF5FF}.Debug|Any CPU.Build.0 = Debug|Any CPU
		{E79E9C9B-4825-4FC7-A0F0-194187ABF5FF}.Release|Any CPU.ActiveCfg = Release|Any CPU
		{E79E9C9B-4825-4FC7-A0F0-194187ABF5FF}.Release|Any CPU.Build.0 = Release|Any CPU
		{E6002637-90AA-4201-9FF2-CD0C203AB135}.Debug|Any CPU.ActiveCfg = Debug|Any CPU
		{E6002637-90AA-4201-9FF2-CD0C203AB135}.Debug|Any CPU.Build.0 = Debug|Any CPU
		{E6002637-90AA-4201-9FF2-CD0C203AB135}.Release|Any CPU.ActiveCfg = Release|Any CPU
		{E6002637-90AA-4201-9FF2-CD0C203AB135}.Release|Any CPU.Build.0 = Release|Any CPU
		{85E464AC-DDC4-4B5C-9E47-5283E7F7CB48}.Debug|Any CPU.ActiveCfg = Debug|Any CPU
		{85E464AC-DDC4-4B5C-9E47-5283E7F7CB48}.Debug|Any CPU.Build.0 = Debug|Any CPU
		{85E464AC-DDC4-4B5C-9E47-5283E7F7CB48}.Release|Any CPU.ActiveCfg = Release|Any CPU
		{85E464AC-DDC4-4B5C-9E47-5283E7F7CB48}.Release|Any CPU.Build.0 = Release|Any CPU
		{EF5FFB7A-6069-4D79-B102-24BF12E0ABE0}.Debug|Any CPU.ActiveCfg = Debug|Any CPU
		{EF5FFB7A-6069-4D79-B102-24BF12E0ABE0}.Debug|Any CPU.Build.0 = Debug|Any CPU
		{EF5FFB7A-6069-4D79-B102-24BF12E0ABE0}.Release|Any CPU.ActiveCfg = Release|Any CPU
		{EF5FFB7A-6069-4D79-B102-24BF12E0ABE0}.Release|Any CPU.Build.0 = Release|Any CPU
		{5261A272-28A2-4867-A88F-AE221F222AF8}.Debug|Any CPU.ActiveCfg = Debug|Any CPU
		{5261A272-28A2-4867-A88F-AE221F222AF8}.Debug|Any CPU.Build.0 = Debug|Any CPU
		{5261A272-28A2-4867-A88F-AE221F222AF8}.Release|Any CPU.ActiveCfg = Release|Any CPU
		{5261A272-28A2-4867-A88F-AE221F222AF8}.Release|Any CPU.Build.0 = Release|Any CPU
		{0B1515BA-8A11-4DC8-B793-DE03AB59FA69}.Debug|Any CPU.ActiveCfg = Debug|Any CPU
		{0B1515BA-8A11-4DC8-B793-DE03AB59FA69}.Debug|Any CPU.Build.0 = Debug|Any CPU
		{0B1515BA-8A11-4DC8-B793-DE03AB59FA69}.Release|Any CPU.ActiveCfg = Release|Any CPU
		{0B1515BA-8A11-4DC8-B793-DE03AB59FA69}.Release|Any CPU.Build.0 = Release|Any CPU
		{47B9F09C-B83A-43B4-BFB7-86CB71160F09}.Debug|Any CPU.ActiveCfg = Debug|Any CPU
		{47B9F09C-B83A-43B4-BFB7-86CB71160F09}.Debug|Any CPU.Build.0 = Debug|Any CPU
		{47B9F09C-B83A-43B4-BFB7-86CB71160F09}.Release|Any CPU.ActiveCfg = Release|Any CPU
		{47B9F09C-B83A-43B4-BFB7-86CB71160F09}.Release|Any CPU.Build.0 = Release|Any CPU
	EndGlobalSection
	GlobalSection(SolutionProperties) = preSolution
		HideSolutionNode = FALSE
	EndGlobalSection
	GlobalSection(NestedProjects) = preSolution
		{09BFA3AF-4A99-4FF7-8774-5058B8B06F94} = {68FCBB66-399F-4378-824E-FFA7141B7DDD}
		{48481D09-BB5C-4B78-BFE4-5FDC3DD7DD04} = {32413357-43ED-49AF-A04A-204CBA341021}
		{E79E9C9B-4825-4FC7-A0F0-194187ABF5FF} = {5AB58BDB-DFA1-4543-807E-D5E7657BDA01}
		{E6002637-90AA-4201-9FF2-CD0C203AB135} = {7A6A83BE-7A04-4E5E-93AF-DE554DA38EA7}
		{85E464AC-DDC4-4B5C-9E47-5283E7F7CB48} = {7A6A83BE-7A04-4E5E-93AF-DE554DA38EA7}
		{EF5FFB7A-6069-4D79-B102-24BF12E0ABE0} = {32413357-43ED-49AF-A04A-204CBA341021}
		{5261A272-28A2-4867-A88F-AE221F222AF8} = {32413357-43ED-49AF-A04A-204CBA341021}
		{0B1515BA-8A11-4DC8-B793-DE03AB59FA69} = {5AB58BDB-DFA1-4543-807E-D5E7657BDA01}
		{47B9F09C-B83A-43B4-BFB7-86CB71160F09} = {68FCBB66-399F-4378-824E-FFA7141B7DDD}
	EndGlobalSection
EndGlobal
